
Microsoft Visual Studio Solution File, Format Version 12.00
# Visual Studio Version 16
VisualStudioVersion = 16.0.29926.136
MinimumVisualStudioVersion = 10.0.40219.1
Project("{FAE04EC0-301F-11D3-BF4B-00C04F79EFBC}") = "Study.EcomerceVirtual.App", "Study.EcomerceVirtual.App\Study.EcomerceVirtual.App.csproj", "{E2FB8232-1477-4905-9DD9-F87A5CA19C94}"
EndProject
Global
	GlobalSection(SolutionConfigurationPlatforms) = preSolution
		Debug|Any CPU = Debug|Any CPU
		Release|Any CPU = Release|Any CPU
	EndGlobalSection
	GlobalSection(ProjectConfigurationPlatforms) = postSolution
		{E2FB8232-1477-4905-9DD9-F87A5CA19C94}.Debug|Any CPU.ActiveCfg = Debug|Any CPU
		{E2FB8232-1477-4905-9DD9-F87A5CA19C94}.Debug|Any CPU.Build.0 = Debug|Any CPU
		{E2FB8232-1477-4905-9DD9-F87A5CA19C94}.Release|Any CPU.ActiveCfg = Release|Any CPU
		{E2FB8232-1477-4905-9DD9-F87A5CA19C94}.Release|Any CPU.Build.0 = Release|Any CPU
	EndGlobalSection
	GlobalSection(SolutionProperties) = preSolution
		HideSolutionNode = FALSE
	EndGlobalSection
	GlobalSection(ExtensibilityGlobals) = postSolution
		SolutionGuid = {E6393D05-AB59-46AA-958D-D82B113D6731}
	EndGlobalSection
EndGlobal
